
Microsoft Visual Studio Solution File, Format Version 12.00
# Visual Studio Version 17
VisualStudioVersion = 17.11.35222.181
MinimumVisualStudioVersion = 10.0.40219.1
Project("{9A19103F-16F7-4668-BE54-9A1E7A4F7556}") = "RunTrackerDemo", "RunTrackerDemo\RunTrackerDemo.csproj", "{94075330-0DAC-4463-9D0B-FA0E1F976957}"
EndProject
Project("{9A19103F-16F7-4668-BE54-9A1E7A4F7556}") = "Application.RunTracker.Contracts", "Application.Contract\Application.RunTracker.Contracts.csproj", "{8F0E85B8-335F-43AF-B3B1-7C6A608DE404}"
EndProject
Project("{9A19103F-16F7-4668-BE54-9A1E7A4F7556}") = "Application.RunTracker.Services", "Application.Services\Application.RunTracker.Services.csproj", "{4A52645C-B7CA-4BF2-AFB9-3A31F911B548}"
EndProject
Project("{9A19103F-16F7-4668-BE54-9A1E7A4F7556}") = "Application.RunTracker.Data", "Application.Data\Application.RunTracker.Data.csproj", "{A8A7092D-A33B-4532-94A5-AFEF03B3B55E}"
EndProject
Project("{2150E333-8FDC-42A3-9474-1A3956D46DE8}") = "Application.Test", "Application.Test", "{24F031FE-2482-48C5-9ED8-F9EC3F81F0FA}"
EndProject
Project("{9A19103F-16F7-4668-BE54-9A1E7A4F7556}") = "RunTracker.Service.UnitTest", "Service.UnitTest\RunTracker.Service.UnitTest.csproj", "{23B285D6-13E1-4F6A-BEF2-DC4192CE2E36}"
EndProject
Global
	GlobalSection(SolutionConfigurationPlatforms) = preSolution
		Debug|Any CPU = Debug|Any CPU
		Release|Any CPU = Release|Any CPU
	EndGlobalSection
	GlobalSection(ProjectConfigurationPlatforms) = postSolution
		{94075330-0DAC-4463-9D0B-FA0E1F976957}.Debug|Any CPU.ActiveCfg = Debug|Any CPU
		{94075330-0DAC-4463-9D0B-FA0E1F976957}.Debug|Any CPU.Build.0 = Debug|Any CPU
		{94075330-0DAC-4463-9D0B-FA0E1F976957}.Release|Any CPU.ActiveCfg = Release|Any CPU
		{94075330-0DAC-4463-9D0B-FA0E1F976957}.Release|Any CPU.Build.0 = Release|Any CPU
		{8F0E85B8-335F-43AF-B3B1-7C6A608DE404}.Debug|Any CPU.ActiveCfg = Debug|Any CPU
		{8F0E85B8-335F-43AF-B3B1-7C6A608DE404}.Debug|Any CPU.Build.0 = Debug|Any CPU
		{8F0E85B8-335F-43AF-B3B1-7C6A608DE404}.Release|Any CPU.ActiveCfg = Release|Any CPU
		{8F0E85B8-335F-43AF-B3B1-7C6A608DE404}.Release|Any CPU.Build.0 = Release|Any CPU
		{4A52645C-B7CA-4BF2-AFB9-3A31F911B548}.Debug|Any CPU.ActiveCfg = Debug|Any CPU
		{4A52645C-B7CA-4BF2-AFB9-3A31F911B548}.Debug|Any CPU.Build.0 = Debug|Any CPU
		{4A52645C-B7CA-4BF2-AFB9-3A31F911B548}.Release|Any CPU.ActiveCfg = Release|Any CPU
		{4A52645C-B7CA-4BF2-AFB9-3A31F911B548}.Release|Any CPU.Build.0 = Release|Any CPU
		{A8A7092D-A33B-4532-94A5-AFEF03B3B55E}.Debug|Any CPU.ActiveCfg = Debug|Any CPU
		{A8A7092D-A33B-4532-94A5-AFEF03B3B55E}.Debug|Any CPU.Build.0 = Debug|Any CPU
		{A8A7092D-A33B-4532-94A5-AFEF03B3B55E}.Release|Any CPU.ActiveCfg = Release|Any CPU
		{A8A7092D-A33B-4532-94A5-AFEF03B3B55E}.Release|Any CPU.Build.0 = Release|Any CPU
		{23B285D6-13E1-4F6A-BEF2-DC4192CE2E36}.Debug|Any CPU.ActiveCfg = Debug|Any CPU
		{23B285D6-13E1-4F6A-BEF2-DC4192CE2E36}.Debug|Any CPU.Build.0 = Debug|Any CPU
		{23B285D6-13E1-4F6A-BEF2-DC4192CE2E36}.Release|Any CPU.ActiveCfg = Release|Any CPU
		{23B285D6-13E1-4F6A-BEF2-DC4192CE2E36}.Release|Any CPU.Build.0 = Release|Any CPU
	EndGlobalSection
	GlobalSection(SolutionProperties) = preSolution
		HideSolutionNode = FALSE
	EndGlobalSection
	GlobalSection(NestedProjects) = preSolution
		{23B285D6-13E1-4F6A-BEF2-DC4192CE2E36} = {24F031FE-2482-48C5-9ED8-F9EC3F81F0FA}
	EndGlobalSection
	GlobalSection(ExtensibilityGlobals) = postSolution
		SolutionGuid = {5B19D9D6-D794-4CC8-AED4-3A85C6E44713}
	EndGlobalSection
EndGlobal
